
Microsoft Visual Studio Solution File, Format Version 12.00
# Visual Studio Version 17
VisualStudioVersion = 17.8.34316.72
MinimumVisualStudioVersion = 10.0.40219.1
Project("{FAE04EC0-301F-11D3-BF4B-00C04F79EFBC}") = "PrimaryConstructors", "PrimaryConstructors\PrimaryConstructors.csproj", "{81E7A8F1-A4A4-4232-A241-4985CBB3E7A2}"
EndProject
Project("{FAE04EC0-301F-11D3-BF4B-00C04F79EFBC}") = "CollectionExpressions", "CollectionExpressions\CollectionExpressions.csproj", "{10163C8A-E9FE-448E-921B-95454A2E16D3}"
EndProject
Global
	GlobalSection(SolutionConfigurationPlatforms) = preSolution
		Debug|Any CPU = Debug|Any CPU
		Release|Any CPU = Release|Any CPU
	EndGlobalSection
	GlobalSection(ProjectConfigurationPlatforms) = postSolution
		{81E7A8F1-A4A4-4232-A241-4985CBB3E7A2}.Debug|Any CPU.ActiveCfg = Debug|Any CPU
		{81E7A8F1-A4A4-4232-A241-4985CBB3E7A2}.Debug|Any CPU.Build.0 = Debug|Any CPU
		{81E7A8F1-A4A4-4232-A241-4985CBB3E7A2}.Release|Any CPU.ActiveCfg = Release|Any CPU
		{81E7A8F1-A4A4-4232-A241-4985CBB3E7A2}.Release|Any CPU.Build.0 = Release|Any CPU
		{10163C8A-E9FE-448E-921B-95454A2E16D3}.Debug|Any CPU.ActiveCfg = Debug|Any CPU
		{10163C8A-E9FE-448E-921B-95454A2E16D3}.Debug|Any CPU.Build.0 = Debug|Any CPU
		{10163C8A-E9FE-448E-921B-95454A2E16D3}.Release|Any CPU.ActiveCfg = Release|Any CPU
		{10163C8A-E9FE-448E-921B-95454A2E16D3}.Release|Any CPU.Build.0 = Release|Any CPU
	EndGlobalSection
	GlobalSection(SolutionProperties) = preSolution
		HideSolutionNode = FALSE
	EndGlobalSection
	GlobalSection(ExtensibilityGlobals) = postSolution
		SolutionGuid = {E933C111-D9B6-4B61-95AB-357A686F6315}
	EndGlobalSection
EndGlobal
