
Microsoft Visual Studio Solution File, Format Version 12.00
# Visual Studio Version 17
VisualStudioVersion = 17.8.34316.72
MinimumVisualStudioVersion = 10.0.40219.1
Project("{FAE04EC0-301F-11D3-BF4B-00C04F79EFBC}") = "PrimaryConstructors", "PrimaryConstructors\PrimaryConstructors.csproj", "{81E7A8F1-A4A4-4232-A241-4985CBB3E7A2}"
EndProject
Project("{FAE04EC0-301F-11D3-BF4B-00C04F79EFBC}") = "CollectionExpressions", "CollectionExpressions\CollectionExpressions.csproj", "{10163C8A-E9FE-448E-921B-95454A2E16D3}"
EndProject
Project("{FAE04EC0-301F-11D3-BF4B-00C04F79EFBC}") = "RefReadonlyParameters", "RefReadonlyParameters\RefReadonlyParameters.csproj", "{C18E5E5C-AED7-4427-9331-DB039BDB18C8}"
EndProject
Project("{FAE04EC0-301F-11D3-BF4B-00C04F79EFBC}") = "DefaultLambdaParameters", "DefaultLambdaParameters\DefaultLambdaParameters.csproj", "{781FA16A-D33E-4375-AB64-32C7B5461D35}"
EndProject
Project("{FAE04EC0-301F-11D3-BF4B-00C04F79EFBC}") = "AliasAnyType", "AliasAnyType\AliasAnyType.csproj", "{014C0855-5A42-4643-B26A-CEE3DFBE2952}"
EndProject
Project("{FAE04EC0-301F-11D3-BF4B-00C04F79EFBC}") = "InlineArrays", "InlineArrays\InlineArrays.csproj", "{ACA20DAA-8FF3-45C0-805E-52914A5A5E41}"
EndProject
Project("{FAE04EC0-301F-11D3-BF4B-00C04F79EFBC}") = "ExperimentalAttribute", "ExperimentalAttribute\ExperimentalAttribute.csproj", "{4BFEAA48-DD66-495E-B22C-D714D01B5BC3}"
EndProject
Global
	GlobalSection(SolutionConfigurationPlatforms) = preSolution
		Debug|Any CPU = Debug|Any CPU
		Release|Any CPU = Release|Any CPU
	EndGlobalSection
	GlobalSection(ProjectConfigurationPlatforms) = postSolution
		{81E7A8F1-A4A4-4232-A241-4985CBB3E7A2}.Debug|Any CPU.ActiveCfg = Debug|Any CPU
		{81E7A8F1-A4A4-4232-A241-4985CBB3E7A2}.Debug|Any CPU.Build.0 = Debug|Any CPU
		{81E7A8F1-A4A4-4232-A241-4985CBB3E7A2}.Release|Any CPU.ActiveCfg = Release|Any CPU
		{81E7A8F1-A4A4-4232-A241-4985CBB3E7A2}.Release|Any CPU.Build.0 = Release|Any CPU
		{10163C8A-E9FE-448E-921B-95454A2E16D3}.Debug|Any CPU.ActiveCfg = Debug|Any CPU
		{10163C8A-E9FE-448E-921B-95454A2E16D3}.Debug|Any CPU.Build.0 = Debug|Any CPU
		{10163C8A-E9FE-448E-921B-95454A2E16D3}.Release|Any CPU.ActiveCfg = Release|Any CPU
		{10163C8A-E9FE-448E-921B-95454A2E16D3}.Release|Any CPU.Build.0 = Release|Any CPU
		{C18E5E5C-AED7-4427-9331-DB039BDB18C8}.Debug|Any CPU.ActiveCfg = Debug|Any CPU
		{C18E5E5C-AED7-4427-9331-DB039BDB18C8}.Debug|Any CPU.Build.0 = Debug|Any CPU
		{C18E5E5C-AED7-4427-9331-DB039BDB18C8}.Release|Any CPU.ActiveCfg = Release|Any CPU
		{C18E5E5C-AED7-4427-9331-DB039BDB18C8}.Release|Any CPU.Build.0 = Release|Any CPU
		{781FA16A-D33E-4375-AB64-32C7B5461D35}.Debug|Any CPU.ActiveCfg = Debug|Any CPU
		{781FA16A-D33E-4375-AB64-32C7B5461D35}.Debug|Any CPU.Build.0 = Debug|Any CPU
		{781FA16A-D33E-4375-AB64-32C7B5461D35}.Release|Any CPU.ActiveCfg = Release|Any CPU
		{781FA16A-D33E-4375-AB64-32C7B5461D35}.Release|Any CPU.Build.0 = Release|Any CPU
		{014C0855-5A42-4643-B26A-CEE3DFBE2952}.Debug|Any CPU.ActiveCfg = Debug|Any CPU
		{014C0855-5A42-4643-B26A-CEE3DFBE2952}.Debug|Any CPU.Build.0 = Debug|Any CPU
		{014C0855-5A42-4643-B26A-CEE3DFBE2952}.Release|Any CPU.ActiveCfg = Release|Any CPU
		{014C0855-5A42-4643-B26A-CEE3DFBE2952}.Release|Any CPU.Build.0 = Release|Any CPU
		{ACA20DAA-8FF3-45C0-805E-52914A5A5E41}.Debug|Any CPU.ActiveCfg = Debug|Any CPU
		{ACA20DAA-8FF3-45C0-805E-52914A5A5E41}.Debug|Any CPU.Build.0 = Debug|Any CPU
		{ACA20DAA-8FF3-45C0-805E-52914A5A5E41}.Release|Any CPU.ActiveCfg = Release|Any CPU
		{ACA20DAA-8FF3-45C0-805E-52914A5A5E41}.Release|Any CPU.Build.0 = Release|Any CPU
		{4BFEAA48-DD66-495E-B22C-D714D01B5BC3}.Debug|Any CPU.ActiveCfg = Debug|Any CPU
		{4BFEAA48-DD66-495E-B22C-D714D01B5BC3}.Debug|Any CPU.Build.0 = Debug|Any CPU
		{4BFEAA48-DD66-495E-B22C-D714D01B5BC3}.Release|Any CPU.ActiveCfg = Release|Any CPU
		{4BFEAA48-DD66-495E-B22C-D714D01B5BC3}.Release|Any CPU.Build.0 = Release|Any CPU
	EndGlobalSection
	GlobalSection(SolutionProperties) = preSolution
		HideSolutionNode = FALSE
	EndGlobalSection
	GlobalSection(ExtensibilityGlobals) = postSolution
		SolutionGuid = {E933C111-D9B6-4B61-95AB-357A686F6315}
	EndGlobalSection
EndGlobal
